
Microsoft Visual Studio Solution File, Format Version 12.00
# Visual Studio Version 17
VisualStudioVersion = 17.8.34330.188
MinimumVisualStudioVersion = 10.0.40219.1
Project("{FAE04EC0-301F-11D3-BF4B-00C04F79EFBC}") = "Assignment _ListView_Milender", "Assignment _ListView_Milender.csproj", "{9FA4F51C-9215-4720-A973-EFC7346CFEF3}"
EndProject
Global
	GlobalSection(SolutionConfigurationPlatforms) = preSolution
		Debug|Any CPU = Debug|Any CPU
		Release|Any CPU = Release|Any CPU
	EndGlobalSection
	GlobalSection(ProjectConfigurationPlatforms) = postSolution
		{9FA4F51C-9215-4720-A973-EFC7346CFEF3}.Debug|Any CPU.ActiveCfg = Debug|Any CPU
		{9FA4F51C-9215-4720-A973-EFC7346CFEF3}.Debug|Any CPU.Build.0 = Debug|Any CPU
		{9FA4F51C-9215-4720-A973-EFC7346CFEF3}.Release|Any CPU.ActiveCfg = Release|Any CPU
		{9FA4F51C-9215-4720-A973-EFC7346CFEF3}.Release|Any CPU.Build.0 = Release|Any CPU
	EndGlobalSection
	GlobalSection(SolutionProperties) = preSolution
		HideSolutionNode = FALSE
	EndGlobalSection
	GlobalSection(ExtensibilityGlobals) = postSolution
		SolutionGuid = {EAEF1B0C-ADBC-40B5-9C56-E4811239C1CF}
	EndGlobalSection
EndGlobal
